
Microsoft Visual Studio Solution File, Format Version 12.00
# Visual Studio Version 16
VisualStudioVersion = 16.0.30523.141
MinimumVisualStudioVersion = 10.0.40219.1
Project("{FAE04EC0-301F-11D3-BF4B-00C04F79EFBC}") = "COBWEBS", "COBWEBS\COBWEBS.csproj", "{2E48D939-3CBB-4123-A9F0-D3970E5D76DF}"
EndProject
Global
	GlobalSection(SolutionConfigurationPlatforms) = preSolution
		Debug|Any CPU = Debug|Any CPU
		Release|Any CPU = Release|Any CPU
	EndGlobalSection
	GlobalSection(ProjectConfigurationPlatforms) = postSolution
		{2E48D939-3CBB-4123-A9F0-D3970E5D76DF}.Debug|Any CPU.ActiveCfg = Debug|Any CPU
		{2E48D939-3CBB-4123-A9F0-D3970E5D76DF}.Debug|Any CPU.Build.0 = Debug|Any CPU
		{2E48D939-3CBB-4123-A9F0-D3970E5D76DF}.Release|Any CPU.ActiveCfg = Release|Any CPU
		{2E48D939-3CBB-4123-A9F0-D3970E5D76DF}.Release|Any CPU.Build.0 = Release|Any CPU
	EndGlobalSection
	GlobalSection(SolutionProperties) = preSolution
		HideSolutionNode = FALSE
	EndGlobalSection
	GlobalSection(ExtensibilityGlobals) = postSolution
		SolutionGuid = {01C41E15-2674-4F41-9923-1D99483BC699}
	EndGlobalSection
EndGlobal
